// !$*UTF8*$!
{
	archiveVersion = 1;
	classes = {
	};
	objectVersion = 56;
	objects = {

/* Begin PBXBuildFile section */
		0949745B2BEB1B0600679081 /* AppDelegate.swift in Sources */ = {isa = PBXBuildFile; fileRef = 0949745A2BEB1B0600679081 /* AppDelegate.swift */; };
		0949745D2BEB1B0600679081 /* SceneDelegate.swift in Sources */ = {isa = PBXBuildFile; fileRef = 0949745C2BEB1B0600679081 /* SceneDelegate.swift */; };
		094974622BEB1B0600679081 /* Main.storyboard in Resources */ = {isa = PBXBuildFile; fileRef = 094974602BEB1B0600679081 /* Main.storyboard */; };
		094974642BEB1B0800679081 /* Assets.xcassets in Resources */ = {isa = PBXBuildFile; fileRef = 094974632BEB1B0800679081 /* Assets.xcassets */; };
		094974672BEB1B0800679081 /* LaunchScreen.storyboard in Resources */ = {isa = PBXBuildFile; fileRef = 094974652BEB1B0800679081 /* LaunchScreen.storyboard */; };
		094974752BEB257F00679081 /* APIConstants.swift in Sources */ = {isa = PBXBuildFile; fileRef = 094974742BEB257F00679081 /* APIConstants.swift */; };
		094974772BEB263400679081 /* APIType.swift in Sources */ = {isa = PBXBuildFile; fileRef = 094974762BEB263400679081 /* APIType.swift */; };
		094974792BEB2B6500679081 /* Network.swift in Sources */ = {isa = PBXBuildFile; fileRef = 094974782BEB2B6500679081 /* Network.swift */; };
		094974802BEB376700679081 /* Clients.swift in Sources */ = {isa = PBXBuildFile; fileRef = 0949747F2BEB376700679081 /* Clients.swift */; };
		094974822BEB389F00679081 /* MessageItem.swift in Sources */ = {isa = PBXBuildFile; fileRef = 094974812BEB389F00679081 /* MessageItem.swift */; };
		094974842BEB3CF200679081 /* MMessageList.swift in Sources */ = {isa = PBXBuildFile; fileRef = 094974832BEB3CF200679081 /* MMessageList.swift */; };
		094974862BEB3E5200679081 /* MAmountItem.swift in Sources */ = {isa = PBXBuildFile; fileRef = 094974852BEB3E5200679081 /* MAmountItem.swift */; };
		094974882BEB3EE800679081 /* MSavingList.swift in Sources */ = {isa = PBXBuildFile; fileRef = 094974872BEB3EE800679081 /* MSavingList.swift */; };
		0949748A2BEB3F5F00679081 /* MFixedDepositList.swift in Sources */ = {isa = PBXBuildFile; fileRef = 094974892BEB3F5F00679081 /* MFixedDepositList.swift */; };
		0949748C2BEB3F9900679081 /* MDigitalList.swift in Sources */ = {isa = PBXBuildFile; fileRef = 0949748B2BEB3F9900679081 /* MDigitalList.swift */; };
		0949748E2BEB400E00679081 /* MFavoriteItem.swift in Sources */ = {isa = PBXBuildFile; fileRef = 0949748D2BEB400E00679081 /* MFavoriteItem.swift */; };
		094974902BEB416800679081 /* MFavoriteList.swift in Sources */ = {isa = PBXBuildFile; fileRef = 0949748F2BEB416800679081 /* MFavoriteList.swift */; };
		094974922BEB41DC00679081 /* MBannerItem.swift in Sources */ = {isa = PBXBuildFile; fileRef = 094974912BEB41DC00679081 /* MBannerItem.swift */; };
		094974942BEB424800679081 /* MBannerList.swift in Sources */ = {isa = PBXBuildFile; fileRef = 094974932BEB424800679081 /* MBannerList.swift */; };
		094974962BEB4EE000679081 /* TabbarView.swift in Sources */ = {isa = PBXBuildFile; fileRef = 094974952BEB4EE000679081 /* TabbarView.swift */; };
		094974982BEB4FC300679081 /* TabbarController.swift in Sources */ = {isa = PBXBuildFile; fileRef = 094974972BEB4FC300679081 /* TabbarController.swift */; };
		0949749F2BEB504600679081 /* AccountViewController.swift in Sources */ = {isa = PBXBuildFile; fileRef = 0949749D2BEB504600679081 /* AccountViewController.swift */; };
		094974A02BEB504600679081 /* AccountViewController.xib in Resources */ = {isa = PBXBuildFile; fileRef = 0949749E2BEB504600679081 /* AccountViewController.xib */; };
		094974A32BEB505E00679081 /* HomeViewController.swift in Sources */ = {isa = PBXBuildFile; fileRef = 094974A12BEB505E00679081 /* HomeViewController.swift */; };
		094974A42BEB505E00679081 /* HomeViewController.xib in Resources */ = {isa = PBXBuildFile; fileRef = 094974A22BEB505E00679081 /* HomeViewController.xib */; };
		094974A72BEB507D00679081 /* DetailViewController.swift in Sources */ = {isa = PBXBuildFile; fileRef = 094974A52BEB507D00679081 /* DetailViewController.swift */; };
		094974A82BEB507D00679081 /* DetailViewController.xib in Resources */ = {isa = PBXBuildFile; fileRef = 094974A62BEB507D00679081 /* DetailViewController.xib */; };
		094974AA2BEB5B9100679081 /* ButtonExtension.swift in Sources */ = {isa = PBXBuildFile; fileRef = 094974A92BEB5B9100679081 /* ButtonExtension.swift */; };
		094974AC2BEB5DE400679081 /* ColorExtension.swift in Sources */ = {isa = PBXBuildFile; fileRef = 094974AB2BEB5DE400679081 /* ColorExtension.swift */; };
		094974AE2BEB5E7A00679081 /* FontExtension.swift in Sources */ = {isa = PBXBuildFile; fileRef = 094974AD2BEB5E7A00679081 /* FontExtension.swift */; };
		094974B22BEBD44400679081 /* HomeViewModel.swift in Sources */ = {isa = PBXBuildFile; fileRef = 094974B12BEBD44400679081 /* HomeViewModel.swift */; };
		094974B42BEBD5D100679081 /* APIResponse.swift in Sources */ = {isa = PBXBuildFile; fileRef = 094974B32BEBD5D100679081 /* APIResponse.swift */; };
		094974B62BEBD72900679081 /* APIError.swift in Sources */ = {isa = PBXBuildFile; fileRef = 094974B52BEBD72900679081 /* APIError.swift */; };
		094974B82BEBF0F200679081 /* DoubleExtension.swift in Sources */ = {isa = PBXBuildFile; fileRef = 094974B72BEBF0F200679081 /* DoubleExtension.swift */; };
		094974BC2BEC06F800679081 /* BannerCell.swift in Sources */ = {isa = PBXBuildFile; fileRef = 094974BA2BEC06F800679081 /* BannerCell.swift */; };
		094974BD2BEC06F800679081 /* BannerCell.xib in Resources */ = {isa = PBXBuildFile; fileRef = 094974BB2BEC06F800679081 /* BannerCell.xib */; };
		094974C02BEC072A00679081 /* FavoriteCell.swift in Sources */ = {isa = PBXBuildFile; fileRef = 094974BE2BEC072A00679081 /* FavoriteCell.swift */; };
		094974C12BEC072A00679081 /* FavoriteCell.xib in Resources */ = {isa = PBXBuildFile; fileRef = 094974BF2BEC072A00679081 /* FavoriteCell.xib */; };
		094974C42BEC60EB00679081 /* ImageLoader.swift in Sources */ = {isa = PBXBuildFile; fileRef = 094974C32BEC60EB00679081 /* ImageLoader.swift */; };
		094974C62BEC82BE00679081 /* FavoriteType.swift in Sources */ = {isa = PBXBuildFile; fileRef = 094974C52BEC82BE00679081 /* FavoriteType.swift */; };
		094974CB2BEC90A200679081 /* NotificationViewController.swift in Sources */ = {isa = PBXBuildFile; fileRef = 094974C92BEC90A200679081 /* NotificationViewController.swift */; };
		094974CC2BEC90A200679081 /* NotificationViewController.xib in Resources */ = {isa = PBXBuildFile; fileRef = 094974CA2BEC90A200679081 /* NotificationViewController.xib */; };
		094974D02BEC90C900679081 /* NotificationCell.swift in Sources */ = {isa = PBXBuildFile; fileRef = 094974CE2BEC90C900679081 /* NotificationCell.swift */; };
		094974D12BEC90C900679081 /* NotificationCell.xib in Resources */ = {isa = PBXBuildFile; fileRef = 094974CF2BEC90C900679081 /* NotificationCell.xib */; };
/* End PBXBuildFile section */

/* Begin PBXFileReference section */
		094974572BEB1B0600679081 /* IpSuiDau.app */ = {isa = PBXFileReference; explicitFileType = wrapper.application; includeInIndex = 0; path = IpSuiDau.app; sourceTree = BUILT_PRODUCTS_DIR; };
		0949745A2BEB1B0600679081 /* AppDelegate.swift */ = {isa = PBXFileReference; lastKnownFileType = sourcecode.swift; path = AppDelegate.swift; sourceTree = "<group>"; };
		0949745C2BEB1B0600679081 /* SceneDelegate.swift */ = {isa = PBXFileReference; lastKnownFileType = sourcecode.swift; path = SceneDelegate.swift; sourceTree = "<group>"; };
		094974612BEB1B0600679081 /* Base */ = {isa = PBXFileReference; lastKnownFileType = file.storyboard; name = Base; path = Base.lproj/Main.storyboard; sourceTree = "<group>"; };
		094974632BEB1B0800679081 /* Assets.xcassets */ = {isa = PBXFileReference; lastKnownFileType = folder.assetcatalog; path = Assets.xcassets; sourceTree = "<group>"; };
		094974662BEB1B0800679081 /* Base */ = {isa = PBXFileReference; lastKnownFileType = file.storyboard; name = Base; path = Base.lproj/LaunchScreen.storyboard; sourceTree = "<group>"; };
		094974682BEB1B0800679081 /* Info.plist */ = {isa = PBXFileReference; lastKnownFileType = text.plist.xml; path = Info.plist; sourceTree = "<group>"; };
		094974742BEB257F00679081 /* APIConstants.swift */ = {isa = PBXFileReference; lastKnownFileType = sourcecode.swift; path = APIConstants.swift; sourceTree = "<group>"; };
		094974762BEB263400679081 /* APIType.swift */ = {isa = PBXFileReference; lastKnownFileType = sourcecode.swift; path = APIType.swift; sourceTree = "<group>"; };
		094974782BEB2B6500679081 /* Network.swift */ = {isa = PBXFileReference; lastKnownFileType = sourcecode.swift; path = Network.swift; sourceTree = "<group>"; };
		0949747F2BEB376700679081 /* Clients.swift */ = {isa = PBXFileReference; lastKnownFileType = sourcecode.swift; path = Clients.swift; sourceTree = "<group>"; };
		094974812BEB389F00679081 /* MessageItem.swift */ = {isa = PBXFileReference; lastKnownFileType = sourcecode.swift; path = MessageItem.swift; sourceTree = "<group>"; };
		094974832BEB3CF200679081 /* MMessageList.swift */ = {isa = PBXFileReference; lastKnownFileType = sourcecode.swift; path = MMessageList.swift; sourceTree = "<group>"; };
		094974852BEB3E5200679081 /* MAmountItem.swift */ = {isa = PBXFileReference; lastKnownFileType = sourcecode.swift; path = MAmountItem.swift; sourceTree = "<group>"; };
		094974872BEB3EE800679081 /* MSavingList.swift */ = {isa = PBXFileReference; lastKnownFileType = sourcecode.swift; path = MSavingList.swift; sourceTree = "<group>"; };
		094974892BEB3F5F00679081 /* MFixedDepositList.swift */ = {isa = PBXFileReference; lastKnownFileType = sourcecode.swift; path = MFixedDepositList.swift; sourceTree = "<group>"; };
		0949748B2BEB3F9900679081 /* MDigitalList.swift */ = {isa = PBXFileReference; lastKnownFileType = sourcecode.swift; path = MDigitalList.swift; sourceTree = "<group>"; };
		0949748D2BEB400E00679081 /* MFavoriteItem.swift */ = {isa = PBXFileReference; lastKnownFileType = sourcecode.swift; path = MFavoriteItem.swift; sourceTree = "<group>"; };
		0949748F2BEB416800679081 /* MFavoriteList.swift */ = {isa = PBXFileReference; lastKnownFileType = sourcecode.swift; path = MFavoriteList.swift; sourceTree = "<group>"; };
		094974912BEB41DC00679081 /* MBannerItem.swift */ = {isa = PBXFileReference; lastKnownFileType = sourcecode.swift; path = MBannerItem.swift; sourceTree = "<group>"; };
		094974932BEB424800679081 /* MBannerList.swift */ = {isa = PBXFileReference; lastKnownFileType = sourcecode.swift; path = MBannerList.swift; sourceTree = "<group>"; };
		094974952BEB4EE000679081 /* TabbarView.swift */ = {isa = PBXFileReference; lastKnownFileType = sourcecode.swift; path = TabbarView.swift; sourceTree = "<group>"; };
		094974972BEB4FC300679081 /* TabbarController.swift */ = {isa = PBXFileReference; lastKnownFileType = sourcecode.swift; path = TabbarController.swift; sourceTree = "<group>"; };
		0949749D2BEB504600679081 /* AccountViewController.swift */ = {isa = PBXFileReference; lastKnownFileType = sourcecode.swift; path = AccountViewController.swift; sourceTree = "<group>"; };
		0949749E2BEB504600679081 /* AccountViewController.xib */ = {isa = PBXFileReference; lastKnownFileType = file.xib; path = AccountViewController.xib; sourceTree = "<group>"; };
		094974A12BEB505E00679081 /* HomeViewController.swift */ = {isa = PBXFileReference; lastKnownFileType = sourcecode.swift; path = HomeViewController.swift; sourceTree = "<group>"; };
		094974A22BEB505E00679081 /* HomeViewController.xib */ = {isa = PBXFileReference; lastKnownFileType = file.xib; path = HomeViewController.xib; sourceTree = "<group>"; };
		094974A52BEB507D00679081 /* DetailViewController.swift */ = {isa = PBXFileReference; lastKnownFileType = sourcecode.swift; path = DetailViewController.swift; sourceTree = "<group>"; };
		094974A62BEB507D00679081 /* DetailViewController.xib */ = {isa = PBXFileReference; lastKnownFileType = file.xib; path = DetailViewController.xib; sourceTree = "<group>"; };
		094974A92BEB5B9100679081 /* ButtonExtension.swift */ = {isa = PBXFileReference; lastKnownFileType = sourcecode.swift; path = ButtonExtension.swift; sourceTree = "<group>"; };
		094974AB2BEB5DE400679081 /* ColorExtension.swift */ = {isa = PBXFileReference; lastKnownFileType = sourcecode.swift; path = ColorExtension.swift; sourceTree = "<group>"; };
		094974AD2BEB5E7A00679081 /* FontExtension.swift */ = {isa = PBXFileReference; lastKnownFileType = sourcecode.swift; path = FontExtension.swift; sourceTree = "<group>"; };
		094974B12BEBD44400679081 /* HomeViewModel.swift */ = {isa = PBXFileReference; lastKnownFileType = sourcecode.swift; path = HomeViewModel.swift; sourceTree = "<group>"; };
		094974B32BEBD5D100679081 /* APIResponse.swift */ = {isa = PBXFileReference; lastKnownFileType = sourcecode.swift; path = APIResponse.swift; sourceTree = "<group>"; };
		094974B52BEBD72900679081 /* APIError.swift */ = {isa = PBXFileReference; lastKnownFileType = sourcecode.swift; path = APIError.swift; sourceTree = "<group>"; };
		094974B72BEBF0F200679081 /* DoubleExtension.swift */ = {isa = PBXFileReference; lastKnownFileType = sourcecode.swift; path = DoubleExtension.swift; sourceTree = "<group>"; };
		094974BA2BEC06F800679081 /* BannerCell.swift */ = {isa = PBXFileReference; lastKnownFileType = sourcecode.swift; path = BannerCell.swift; sourceTree = "<group>"; };
		094974BB2BEC06F800679081 /* BannerCell.xib */ = {isa = PBXFileReference; lastKnownFileType = file.xib; path = BannerCell.xib; sourceTree = "<group>"; };
		094974BE2BEC072A00679081 /* FavoriteCell.swift */ = {isa = PBXFileReference; lastKnownFileType = sourcecode.swift; path = FavoriteCell.swift; sourceTree = "<group>"; };
		094974BF2BEC072A00679081 /* FavoriteCell.xib */ = {isa = PBXFileReference; lastKnownFileType = file.xib; path = FavoriteCell.xib; sourceTree = "<group>"; };
		094974C32BEC60EB00679081 /* ImageLoader.swift */ = {isa = PBXFileReference; lastKnownFileType = sourcecode.swift; path = ImageLoader.swift; sourceTree = "<group>"; };
		094974C52BEC82BE00679081 /* FavoriteType.swift */ = {isa = PBXFileReference; lastKnownFileType = sourcecode.swift; path = FavoriteType.swift; sourceTree = "<group>"; };
		094974C92BEC90A200679081 /* NotificationViewController.swift */ = {isa = PBXFileReference; lastKnownFileType = sourcecode.swift; path = NotificationViewController.swift; sourceTree = "<group>"; };
		094974CA2BEC90A200679081 /* NotificationViewController.xib */ = {isa = PBXFileReference; lastKnownFileType = file.xib; path = NotificationViewController.xib; sourceTree = "<group>"; };
		094974CE2BEC90C900679081 /* NotificationCell.swift */ = {isa = PBXFileReference; lastKnownFileType = sourcecode.swift; path = NotificationCell.swift; sourceTree = "<group>"; };
		094974CF2BEC90C900679081 /* NotificationCell.xib */ = {isa = PBXFileReference; lastKnownFileType = file.xib; path = NotificationCell.xib; sourceTree = "<group>"; };
/* End PBXFileReference section */

/* Begin PBXFrameworksBuildPhase section */
		094974542BEB1B0600679081 /* Frameworks */ = {
			isa = PBXFrameworksBuildPhase;
			buildActionMask = 2147483647;
			files = (
			);
			runOnlyForDeploymentPostprocessing = 0;
		};
/* End PBXFrameworksBuildPhase section */

/* Begin PBXGroup section */
		0949744E2BEB1B0600679081 = {
			isa = PBXGroup;
			children = (
				094974592BEB1B0600679081 /* IpSuiDau */,
				094974582BEB1B0600679081 /* Products */,
			);
			sourceTree = "<group>";
		};
		094974582BEB1B0600679081 /* Products */ = {
			isa = PBXGroup;
			children = (
				094974572BEB1B0600679081 /* IpSuiDau.app */,
			);
			name = Products;
			sourceTree = "<group>";
		};
		094974592BEB1B0600679081 /* IpSuiDau */ = {
			isa = PBXGroup;
			children = (
				094974682BEB1B0800679081 /* Info.plist */,
				0949745A2BEB1B0600679081 /* AppDelegate.swift */,
				0949745C2BEB1B0600679081 /* SceneDelegate.swift */,
				094974632BEB1B0800679081 /* Assets.xcassets */,
				0949746E2BEB23B900679081 /* API */,
				094974712BEB23EC00679081 /* Extensions */,
				094974652BEB1B0800679081 /* LaunchScreen.storyboard */,
				094974602BEB1B0600679081 /* Main.storyboard */,
				094974702BEB23E400679081 /* Models */,
				0949746F2BEB23C800679081 /* Screens */,
				094974732BEB251B00679081 /* Services */,
				094974C22BEC60CF00679081 /* Utility */,
			);
			path = IpSuiDau;
			sourceTree = "<group>";
		};
		0949746E2BEB23B900679081 /* API */ = {
			isa = PBXGroup;
			children = (
				094974742BEB257F00679081 /* APIConstants.swift */,
				094974762BEB263400679081 /* APIType.swift */,
				094974B32BEBD5D100679081 /* APIResponse.swift */,
				094974B52BEBD72900679081 /* APIError.swift */,
			);
			path = API;
			sourceTree = "<group>";
		};
		0949746F2BEB23C800679081 /* Screens */ = {
			isa = PBXGroup;
			children = (
				094974C72BEC907600679081 /* Notification */,
				094974B02BEBD42F00679081 /* Home */,
				094974AF2BEBD42500679081 /* Tabbar */,
				0949749D2BEB504600679081 /* AccountViewController.swift */,
				0949749E2BEB504600679081 /* AccountViewController.xib */,
				094974A52BEB507D00679081 /* DetailViewController.swift */,
				094974A62BEB507D00679081 /* DetailViewController.xib */,
			);
			path = Screens;
			sourceTree = "<group>";
		};
		094974702BEB23E400679081 /* Models */ = {
			isa = PBXGroup;
			children = (
				094974812BEB389F00679081 /* MessageItem.swift */,
				094974832BEB3CF200679081 /* MMessageList.swift */,
				094974852BEB3E5200679081 /* MAmountItem.swift */,
				094974872BEB3EE800679081 /* MSavingList.swift */,
				094974892BEB3F5F00679081 /* MFixedDepositList.swift */,
				0949748B2BEB3F9900679081 /* MDigitalList.swift */,
				0949748D2BEB400E00679081 /* MFavoriteItem.swift */,
				0949748F2BEB416800679081 /* MFavoriteList.swift */,
				094974912BEB41DC00679081 /* MBannerItem.swift */,
				094974932BEB424800679081 /* MBannerList.swift */,
			);
			path = Models;
			sourceTree = "<group>";
		};
		094974712BEB23EC00679081 /* Extensions */ = {
			isa = PBXGroup;
			children = (
				094974A92BEB5B9100679081 /* ButtonExtension.swift */,
				094974AB2BEB5DE400679081 /* ColorExtension.swift */,
				094974AD2BEB5E7A00679081 /* FontExtension.swift */,
				094974B72BEBF0F200679081 /* DoubleExtension.swift */,
			);
			path = Extensions;
			sourceTree = "<group>";
		};
		094974732BEB251B00679081 /* Services */ = {
			isa = PBXGroup;
			children = (
				094974782BEB2B6500679081 /* Network.swift */,
				0949747F2BEB376700679081 /* Clients.swift */,
			);
			path = Services;
			sourceTree = "<group>";
		};
		094974AF2BEBD42500679081 /* Tabbar */ = {
			isa = PBXGroup;
			children = (
				094974952BEB4EE000679081 /* TabbarView.swift */,
				094974972BEB4FC300679081 /* TabbarController.swift */,
			);
			path = Tabbar;
			sourceTree = "<group>";
		};
		094974B02BEBD42F00679081 /* Home */ = {
			isa = PBXGroup;
			children = (
				094974B92BEC06D600679081 /* Cells */,
				094974A12BEB505E00679081 /* HomeViewController.swift */,
				094974A22BEB505E00679081 /* HomeViewController.xib */,
				094974B12BEBD44400679081 /* HomeViewModel.swift */,
			);
			path = Home;
			sourceTree = "<group>";
		};
		094974B92BEC06D600679081 /* Cells */ = {
			isa = PBXGroup;
			children = (
				094974BA2BEC06F800679081 /* BannerCell.swift */,
				094974BB2BEC06F800679081 /* BannerCell.xib */,
				094974BE2BEC072A00679081 /* FavoriteCell.swift */,
				094974BF2BEC072A00679081 /* FavoriteCell.xib */,
			);
			path = Cells;
			sourceTree = "<group>";
		};
		094974C22BEC60CF00679081 /* Utility */ = {
			isa = PBXGroup;
			children = (
				094974C32BEC60EB00679081 /* ImageLoader.swift */,
				094974C52BEC82BE00679081 /* FavoriteType.swift */,
			);
			path = Utility;
			sourceTree = "<group>";
		};
		094974C72BEC907600679081 /* Notification */ = {
			isa = PBXGroup;
			children = (
				094974CD2BEC90AE00679081 /* Cell */,
				094974C92BEC90A200679081 /* NotificationViewController.swift */,
				094974CA2BEC90A200679081 /* NotificationViewController.xib */,
			);
			path = Notification;
			sourceTree = "<group>";
		};
		094974CD2BEC90AE00679081 /* Cell */ = {
			isa = PBXGroup;
			children = (
				094974CE2BEC90C900679081 /* NotificationCell.swift */,
				094974CF2BEC90C900679081 /* NotificationCell.xib */,
			);
			path = Cell;
			sourceTree = "<group>";
		};
/* End PBXGroup section */

/* Begin PBXNativeTarget section */
		094974562BEB1B0600679081 /* IpSuiDau */ = {
			isa = PBXNativeTarget;
			buildConfigurationList = 0949746B2BEB1B0800679081 /* Build configuration list for PBXNativeTarget "IpSuiDau" */;
			buildPhases = (
				094974532BEB1B0600679081 /* Sources */,
				094974542BEB1B0600679081 /* Frameworks */,
				094974552BEB1B0600679081 /* Resources */,
			);
			buildRules = (
			);
			dependencies = (
			);
			name = IpSuiDau;
			productName = IpSuiDau;
			productReference = 094974572BEB1B0600679081 /* IpSuiDau.app */;
			productType = "com.apple.product-type.application";
		};
/* End PBXNativeTarget section */

/* Begin PBXProject section */
		0949744F2BEB1B0600679081 /* Project object */ = {
			isa = PBXProject;
			attributes = {
				BuildIndependentTargetsInParallel = 1;
				LastSwiftUpdateCheck = 1420;
				LastUpgradeCheck = 1420;
				TargetAttributes = {
					094974562BEB1B0600679081 = {
						CreatedOnToolsVersion = 14.2;
					};
				};
			};
			buildConfigurationList = 094974522BEB1B0600679081 /* Build configuration list for PBXProject "IpSuiDau" */;
			compatibilityVersion = "Xcode 14.0";
			developmentRegion = en;
			hasScannedForEncodings = 0;
			knownRegions = (
				en,
				Base,
			);
			mainGroup = 0949744E2BEB1B0600679081;
			productRefGroup = 094974582BEB1B0600679081 /* Products */;
			projectDirPath = "";
			projectRoot = "";
			targets = (
				094974562BEB1B0600679081 /* IpSuiDau */,
			);
		};
/* End PBXProject section */

/* Begin PBXResourcesBuildPhase section */
		094974552BEB1B0600679081 /* Resources */ = {
			isa = PBXResourcesBuildPhase;
			buildActionMask = 2147483647;
			files = (
				094974672BEB1B0800679081 /* LaunchScreen.storyboard in Resources */,
				094974C12BEC072A00679081 /* FavoriteCell.xib in Resources */,
				094974A82BEB507D00679081 /* DetailViewController.xib in Resources */,
				094974642BEB1B0800679081 /* Assets.xcassets in Resources */,
				094974BD2BEC06F800679081 /* BannerCell.xib in Resources */,
				094974A42BEB505E00679081 /* HomeViewController.xib in Resources */,
				094974CC2BEC90A200679081 /* NotificationViewController.xib in Resources */,
				094974622BEB1B0600679081 /* Main.storyboard in Resources */,
				094974D12BEC90C900679081 /* NotificationCell.xib in Resources */,
				094974A02BEB504600679081 /* AccountViewController.xib in Resources */,
			);
			runOnlyForDeploymentPostprocessing = 0;
		};
/* End PBXResourcesBuildPhase section */

/* Begin PBXSourcesBuildPhase section */
		094974532BEB1B0600679081 /* Sources */ = {
			isa = PBXSourcesBuildPhase;
			buildActionMask = 2147483647;
			files = (
				094974AE2BEB5E7A00679081 /* FontExtension.swift in Sources */,
				094974862BEB3E5200679081 /* MAmountItem.swift in Sources */,
				094974962BEB4EE000679081 /* TabbarView.swift in Sources */,
				094974A72BEB507D00679081 /* DetailViewController.swift in Sources */,
				094974AC2BEB5DE400679081 /* ColorExtension.swift in Sources */,
				094974752BEB257F00679081 /* APIConstants.swift in Sources */,
				094974842BEB3CF200679081 /* MMessageList.swift in Sources */,
				094974802BEB376700679081 /* Clients.swift in Sources */,
				094974B82BEBF0F200679081 /* DoubleExtension.swift in Sources */,
				094974942BEB424800679081 /* MBannerList.swift in Sources */,
				094974A32BEB505E00679081 /* HomeViewController.swift in Sources */,
				0949748A2BEB3F5F00679081 /* MFixedDepositList.swift in Sources */,
				094974982BEB4FC300679081 /* TabbarController.swift in Sources */,
				094974882BEB3EE800679081 /* MSavingList.swift in Sources */,
				094974B62BEBD72900679081 /* APIError.swift in Sources */,
				094974C62BEC82BE00679081 /* FavoriteType.swift in Sources */,
				094974D02BEC90C900679081 /* NotificationCell.swift in Sources */,
				0949749F2BEB504600679081 /* AccountViewController.swift in Sources */,
				094974902BEB416800679081 /* MFavoriteList.swift in Sources */,
				0949748E2BEB400E00679081 /* MFavoriteItem.swift in Sources */,
				094974922BEB41DC00679081 /* MBannerItem.swift in Sources */,
				094974AA2BEB5B9100679081 /* ButtonExtension.swift in Sources */,
				094974792BEB2B6500679081 /* Network.swift in Sources */,
				0949745B2BEB1B0600679081 /* AppDelegate.swift in Sources */,
				094974CB2BEC90A200679081 /* NotificationViewController.swift in Sources */,
				094974822BEB389F00679081 /* MessageItem.swift in Sources */,
				094974B22BEBD44400679081 /* HomeViewModel.swift in Sources */,
				0949745D2BEB1B0600679081 /* SceneDelegate.swift in Sources */,
				0949748C2BEB3F9900679081 /* MDigitalList.swift in Sources */,
				094974BC2BEC06F800679081 /* BannerCell.swift in Sources */,
				094974C42BEC60EB00679081 /* ImageLoader.swift in Sources */,
				094974C02BEC072A00679081 /* FavoriteCell.swift in Sources */,
				094974772BEB263400679081 /* APIType.swift in Sources */,
				094974B42BEBD5D100679081 /* APIResponse.swift in Sources */,
			);
			runOnlyForDeploymentPostprocessing = 0;
		};
/* End PBXSourcesBuildPhase section */

/* Begin PBXVariantGroup section */
		094974602BEB1B0600679081 /* Main.storyboard */ = {
			isa = PBXVariantGroup;
			children = (
				094974612BEB1B0600679081 /* Base */,
			);
			name = Main.storyboard;
			sourceTree = "<group>";
		};
		094974652BEB1B0800679081 /* LaunchScreen.storyboard */ = {
			isa = PBXVariantGroup;
			children = (
				094974662BEB1B0800679081 /* Base */,
			);
			name = LaunchScreen.storyboard;
			sourceTree = "<group>";
		};
/* End PBXVariantGroup section */

/* Begin XCBuildConfiguration section */
		094974692BEB1B0800679081 /* Debug */ = {
			isa = XCBuildConfiguration;
			buildSettings = {
				ALWAYS_SEARCH_USER_PATHS = NO;
				CLANG_ANALYZER_NONNULL = YES;
				CLANG_ANALYZER_NUMBER_OBJECT_CONVERSION = YES_AGGRESSIVE;
				CLANG_CXX_LANGUAGE_STANDARD = "gnu++20";
				CLANG_ENABLE_MODULES = YES;
				CLANG_ENABLE_OBJC_ARC = YES;
				CLANG_ENABLE_OBJC_WEAK = YES;
				CLANG_WARN_BLOCK_CAPTURE_AUTORELEASING = YES;
				CLANG_WARN_BOOL_CONVERSION = YES;
				CLANG_WARN_COMMA = YES;
				CLANG_WARN_CONSTANT_CONVERSION = YES;
				CLANG_WARN_DEPRECATED_OBJC_IMPLEMENTATIONS = YES;
				CLANG_WARN_DIRECT_OBJC_ISA_USAGE = YES_ERROR;
				CLANG_WARN_DOCUMENTATION_COMMENTS = YES;
				CLANG_WARN_EMPTY_BODY = YES;
				CLANG_WARN_ENUM_CONVERSION = YES;
				CLANG_WARN_INFINITE_RECURSION = YES;
				CLANG_WARN_INT_CONVERSION = YES;
				CLANG_WARN_NON_LITERAL_NULL_CONVERSION = YES;
				CLANG_WARN_OBJC_IMPLICIT_RETAIN_SELF = YES;
				CLANG_WARN_OBJC_LITERAL_CONVERSION = YES;
				CLANG_WARN_OBJC_ROOT_CLASS = YES_ERROR;
				CLANG_WARN_QUOTED_INCLUDE_IN_FRAMEWORK_HEADER = YES;
				CLANG_WARN_RANGE_LOOP_ANALYSIS = YES;
				CLANG_WARN_STRICT_PROTOTYPES = YES;
				CLANG_WARN_SUSPICIOUS_MOVE = YES;
				CLANG_WARN_UNGUARDED_AVAILABILITY = YES_AGGRESSIVE;
				CLANG_WARN_UNREACHABLE_CODE = YES;
				CLANG_WARN__DUPLICATE_METHOD_MATCH = YES;
				COPY_PHASE_STRIP = NO;
				DEBUG_INFORMATION_FORMAT = dwarf;
				ENABLE_STRICT_OBJC_MSGSEND = YES;
				ENABLE_TESTABILITY = YES;
				GCC_C_LANGUAGE_STANDARD = gnu11;
				GCC_DYNAMIC_NO_PIC = NO;
				GCC_NO_COMMON_BLOCKS = YES;
				GCC_OPTIMIZATION_LEVEL = 0;
				GCC_PREPROCESSOR_DEFINITIONS = (
					"DEBUG=1",
					"$(inherited)",
				);
				GCC_WARN_64_TO_32_BIT_CONVERSION = YES;
				GCC_WARN_ABOUT_RETURN_TYPE = YES_ERROR;
				GCC_WARN_UNDECLARED_SELECTOR = YES;
				GCC_WARN_UNINITIALIZED_AUTOS = YES_AGGRESSIVE;
				GCC_WARN_UNUSED_FUNCTION = YES;
				GCC_WARN_UNUSED_VARIABLE = YES;
				IPHONEOS_DEPLOYMENT_TARGET = 16.2;
				MTL_ENABLE_DEBUG_INFO = INCLUDE_SOURCE;
				MTL_FAST_MATH = YES;
				ONLY_ACTIVE_ARCH = YES;
				SDKROOT = iphoneos;
				SWIFT_ACTIVE_COMPILATION_CONDITIONS = DEBUG;
				SWIFT_OPTIMIZATION_LEVEL = "-Onone";
			};
			name = Debug;
		};
		0949746A2BEB1B0800679081 /* Release */ = {
			isa = XCBuildConfiguration;
			buildSettings = {
				ALWAYS_SEARCH_USER_PATHS = NO;
				CLANG_ANALYZER_NONNULL = YES;
				CLANG_ANALYZER_NUMBER_OBJECT_CONVERSION = YES_AGGRESSIVE;
				CLANG_CXX_LANGUAGE_STANDARD = "gnu++20";
				CLANG_ENABLE_MODULES = YES;
				CLANG_ENABLE_OBJC_ARC = YES;
				CLANG_ENABLE_OBJC_WEAK = YES;
				CLANG_WARN_BLOCK_CAPTURE_AUTORELEASING = YES;
				CLANG_WARN_BOOL_CONVERSION = YES;
				CLANG_WARN_COMMA = YES;
				CLANG_WARN_CONSTANT_CONVERSION = YES;
				CLANG_WARN_DEPRECATED_OBJC_IMPLEMENTATIONS = YES;
				CLANG_WARN_DIRECT_OBJC_ISA_USAGE = YES_ERROR;
				CLANG_WARN_DOCUMENTATION_COMMENTS = YES;
				CLANG_WARN_EMPTY_BODY = YES;
				CLANG_WARN_ENUM_CONVERSION = YES;
				CLANG_WARN_INFINITE_RECURSION = YES;
				CLANG_WARN_INT_CONVERSION = YES;
				CLANG_WARN_NON_LITERAL_NULL_CONVERSION = YES;
				CLANG_WARN_OBJC_IMPLICIT_RETAIN_SELF = YES;
				CLANG_WARN_OBJC_LITERAL_CONVERSION = YES;
				CLANG_WARN_OBJC_ROOT_CLASS = YES_ERROR;
				CLANG_WARN_QUOTED_INCLUDE_IN_FRAMEWORK_HEADER = YES;
				CLANG_WARN_RANGE_LOOP_ANALYSIS = YES;
				CLANG_WARN_STRICT_PROTOTYPES = YES;
				CLANG_WARN_SUSPICIOUS_MOVE = YES;
				CLANG_WARN_UNGUARDED_AVAILABILITY = YES_AGGRESSIVE;
				CLANG_WARN_UNREACHABLE_CODE = YES;
				CLANG_WARN__DUPLICATE_METHOD_MATCH = YES;
				COPY_PHASE_STRIP = NO;
				DEBUG_INFORMATION_FORMAT = "dwarf-with-dsym";
				ENABLE_NS_ASSERTIONS = NO;
				ENABLE_STRICT_OBJC_MSGSEND = YES;
				GCC_C_LANGUAGE_STANDARD = gnu11;
				GCC_NO_COMMON_BLOCKS = YES;
				GCC_WARN_64_TO_32_BIT_CONVERSION = YES;
				GCC_WARN_ABOUT_RETURN_TYPE = YES_ERROR;
				GCC_WARN_UNDECLARED_SELECTOR = YES;
				GCC_WARN_UNINITIALIZED_AUTOS = YES_AGGRESSIVE;
				GCC_WARN_UNUSED_FUNCTION = YES;
				GCC_WARN_UNUSED_VARIABLE = YES;
				IPHONEOS_DEPLOYMENT_TARGET = 16.2;
				MTL_ENABLE_DEBUG_INFO = NO;
				MTL_FAST_MATH = YES;
				SDKROOT = iphoneos;
				SWIFT_COMPILATION_MODE = wholemodule;
				SWIFT_OPTIMIZATION_LEVEL = "-O";
				VALIDATE_PRODUCT = YES;
			};
			name = Release;
		};
		0949746C2BEB1B0800679081 /* Debug */ = {
			isa = XCBuildConfiguration;
			buildSettings = {
				ASSETCATALOG_COMPILER_APPICON_NAME = AppIcon;
				ASSETCATALOG_COMPILER_GLOBAL_ACCENT_COLOR_NAME = AccentColor;
				CODE_SIGN_STYLE = Automatic;
				CURRENT_PROJECT_VERSION = 1;
				DEVELOPMENT_TEAM = ACR677NH9J;
				GENERATE_INFOPLIST_FILE = YES;
				INFOPLIST_FILE = IpSuiDau/Info.plist;
				INFOPLIST_KEY_UIApplicationSupportsIndirectInputEvents = YES;
				INFOPLIST_KEY_UILaunchStoryboardName = LaunchScreen;
				INFOPLIST_KEY_UIMainStoryboardFile = Main;
				INFOPLIST_KEY_UISupportedInterfaceOrientations = UIInterfaceOrientationPortrait;
				LD_RUNPATH_SEARCH_PATHS = (
					"$(inherited)",
					"@executable_path/Frameworks",
				);
				MARKETING_VERSION = 1.0;
				PRODUCT_BUNDLE_IDENTIFIER = com.application.IpSuiDau;
				PRODUCT_NAME = "$(TARGET_NAME)";
				SWIFT_EMIT_LOC_STRINGS = YES;
				SWIFT_VERSION = 5.0;
				TARGETED_DEVICE_FAMILY = "1,2";
			};
			name = Debug;
		};
		0949746D2BEB1B0800679081 /* Release */ = {
			isa = XCBuildConfiguration;
			buildSettings = {
				ASSETCATALOG_COMPILER_APPICON_NAME = AppIcon;
				ASSETCATALOG_COMPILER_GLOBAL_ACCENT_COLOR_NAME = AccentColor;
				CODE_SIGN_STYLE = Automatic;
				CURRENT_PROJECT_VERSION = 1;
				DEVELOPMENT_TEAM = ACR677NH9J;
				GENERATE_INFOPLIST_FILE = YES;
				INFOPLIST_FILE = IpSuiDau/Info.plist;
				INFOPLIST_KEY_UIApplicationSupportsIndirectInputEvents = YES;
				INFOPLIST_KEY_UILaunchStoryboardName = LaunchScreen;
				INFOPLIST_KEY_UIMainStoryboardFile = Main;
				INFOPLIST_KEY_UISupportedInterfaceOrientations = UIInterfaceOrientationPortrait;
				LD_RUNPATH_SEARCH_PATHS = (
					"$(inherited)",
					"@executable_path/Frameworks",
				);
				MARKETING_VERSION = 1.0;
				PRODUCT_BUNDLE_IDENTIFIER = com.application.IpSuiDau;
				PRODUCT_NAME = "$(TARGET_NAME)";
				SWIFT_EMIT_LOC_STRINGS = YES;
				SWIFT_VERSION = 5.0;
				TARGETED_DEVICE_FAMILY = "1,2";
			};
			name = Release;
		};
/* End XCBuildConfiguration section */

/* Begin XCConfigurationList section */
		094974522BEB1B0600679081 /* Build configuration list for PBXProject "IpSuiDau" */ = {
			isa = XCConfigurationList;
			buildConfigurations = (
				094974692BEB1B0800679081 /* Debug */,
				0949746A2BEB1B0800679081 /* Release */,
			);
			defaultConfigurationIsVisible = 0;
			defaultConfigurationName = Release;
		};
		0949746B2BEB1B0800679081 /* Build configuration list for PBXNativeTarget "IpSuiDau" */ = {
			isa = XCConfigurationList;
			buildConfigurations = (
				0949746C2BEB1B0800679081 /* Debug */,
				0949746D2BEB1B0800679081 /* Release */,
			);
			defaultConfigurationIsVisible = 0;
			defaultConfigurationName = Release;
		};
/* End XCConfigurationList section */
	};
	rootObject = 0949744F2BEB1B0600679081 /* Project object */;
}
